
Microsoft Visual Studio Solution File, Format Version 12.00
# Visual Studio 15
Project("{FAE04EC0-301F-11D3-BF4B-00C04F79EFBC}") = "Unity.WebRTC.Samples", "Unity.WebRTC.Samples.csproj", "{5FF026F8-07D2-1D99-6F30-CBFB2F922748}"
EndProject
Project("{FAE04EC0-301F-11D3-BF4B-00C04F79EFBC}") = "RS_HDRPSampleSrc.Tests.Editor", "RS_HDRPSampleSrc.Tests.Editor.csproj", "{CB31E91B-B6FA-50D0-3016-5B02EF96581A}"
EndProject
Global
	GlobalSection(SolutionConfigurationPlatforms) = preSolution
		Debug|Any CPU = Debug|Any CPU
		Release|Any CPU = Release|Any CPU
	EndGlobalSection
	GlobalSection(ProjectConfigurationPlatforms) = postSolution
		{5FF026F8-07D2-1D99-6F30-CBFB2F922748}.Debug|Any CPU.ActiveCfg = Debug|Any CPU
		{5FF026F8-07D2-1D99-6F30-CBFB2F922748}.Debug|Any CPU.Build.0 = Debug|Any CPU
		{5FF026F8-07D2-1D99-6F30-CBFB2F922748}.Release|Any CPU.ActiveCfg = Release|Any CPU
		{5FF026F8-07D2-1D99-6F30-CBFB2F922748}.Release|Any CPU.Build.0 = Release|Any CPU
		{CB31E91B-B6FA-50D0-3016-5B02EF96581A}.Debug|Any CPU.ActiveCfg = Debug|Any CPU
		{CB31E91B-B6FA-50D0-3016-5B02EF96581A}.Debug|Any CPU.Build.0 = Debug|Any CPU
		{CB31E91B-B6FA-50D0-3016-5B02EF96581A}.Release|Any CPU.ActiveCfg = Release|Any CPU
		{CB31E91B-B6FA-50D0-3016-5B02EF96581A}.Release|Any CPU.Build.0 = Release|Any CPU
	EndGlobalSection
	GlobalSection(SolutionProperties) = preSolution
		HideSolutionNode = FALSE
	EndGlobalSection
EndGlobal
