{
  "requires": true,
  "lockfileVersion": 1,
  "dependencies": {
    "@msgpack/msgpack": {
      "version": "2.2.0",
      "resolved": "https://registry.npmjs.org/@msgpack/msgpack/-/msgpack-2.2.0.tgz",
      "integrity": "sha512-ayqoys4TaD1mSjWmNj6E65yKsFMjAP21l825NwYe2cHLAvsZSNSVigVIcekhuYCRhoSLwBf5ysjFfcXnJ0NoUQ=="
    }
  }
}
